
Microsoft Visual Studio Solution File, Format Version 12.00
# Visual Studio Version 17
VisualStudioVersion = 17.4.33205.214
MinimumVisualStudioVersion = 10.0.40219.1
Project("{FAE04EC0-301F-11D3-BF4B-00C04F79EFBC}") = "BrowserApplication", "BrowserApplication.csproj", "{8E4EAAD7-3BEE-4162-873A-F06F134EA00D}"
EndProject
Global
	GlobalSection(SolutionConfigurationPlatforms) = preSolution
		Debug|Any CPU = Debug|Any CPU
		Release|Any CPU = Release|Any CPU
	EndGlobalSection
	GlobalSection(ProjectConfigurationPlatforms) = postSolution
		{8E4EAAD7-3BEE-4162-873A-F06F134EA00D}.Debug|Any CPU.ActiveCfg = Debug|Any CPU
		{8E4EAAD7-3BEE-4162-873A-F06F134EA00D}.Debug|Any CPU.Build.0 = Debug|Any CPU
		{8E4EAAD7-3BEE-4162-873A-F06F134EA00D}.Release|Any CPU.ActiveCfg = Release|Any CPU
		{8E4EAAD7-3BEE-4162-873A-F06F134EA00D}.Release|Any CPU.Build.0 = Release|Any CPU
	EndGlobalSection
	GlobalSection(SolutionProperties) = preSolution
		HideSolutionNode = FALSE
	EndGlobalSection
	GlobalSection(ExtensibilityGlobals) = postSolution
		SolutionGuid = {2AC269F0-9454-4F7F-9965-1EF7AA3BE31B}
	EndGlobalSection
EndGlobal
